version: 1.0
shards:
  any_hash:
    github: Sija/any_hash.cr
    version: 0.2.2

  db:
    github: crystal-lang/crystal-db
    version: 0.5.1

  git:
    github: smacker/libgit2.cr
    commit: c9a93f18d180a5c2772013760bcbf1c834773613

  github-cr:
    github: arnavb/github-cr
    commit: 119df4c747a81260b37af0878b24eab9345a94f4

    version: 0.3.0

  pg:
    github: will/crystal-pg
    version: 0.16.0


  raven:
    github: Sija/raven.cr
    version: 1.3.0


  shards:
    github: crystal-lang/shards
    commit: 27815669584b653e0118cf0072c4249fd1c8b461

  taskmaster:
    github: straight-shoota/taskmaster
    commit: b2ef6a93ab5f85e2412aad5e1385563228e5fa06

