version: 1.0
shards:
  db:
    github: crystal-lang/crystal-db
    version: 0.5.1

  mosquito:
    github: robacarp/mosquito
    version: 0.3.0

  pg:
    github: will/crystal-pg
    version: 0.15.0

  pool:
    github: ysbaddaden/pool
    version: 0.2.3

  redis:
    github: stefanwille/crystal-redis
    version: 2.1.1

  shards:
    github: crystal-lang/shards
    version: 0.8.1

  taskmaster:
    github: straight-shoota/taskmaster
    commit: 339d148c80debd5222792fc3e45709820a26209a

