version: 1.0
shards:
  any_hash:
    github: Sija/any_hash.cr
    version: 0.2.3

  db:
    github: crystal-lang/crystal-db
    version: 0.8.0

  git:
    github: smacker/libgit2.cr
    commit: 1d42ffdcf6f885a49ece5b2baac00a5146d0a556

  github-cr:
    github: arnavb/github-cr
    commit: 119df4c747a81260b37af0878b24eab9345a94f4

  molinillo:
    github: crystal-lang/crystal-molinillo
    version: 0.1.0

  pg:
    github: will/crystal-pg
    commit: c6448b7577bd0db5e5a578f73cab93b63a48055a

  raven:
    github: Sija/raven.cr
    version: 1.6.0

  shards:
    github: crystal-lang/shards
    version: 0.10.0

